<?xml version="1.0" encoding="UTF-8"?>
<CodeBlocks_project_file>
	<FileVersion major="1" minor="6"/>
	<Project>
		<Option title="SFML"/>
		<Option makefile_is_custom="1"/>
		<Option compiler="gcc"/>
		<Option virtualFolders="CMake Files\;CMake Files\cmake\;CMake Files\cmake\Modules\;CMake Files\src\;CMake Files\src\SFML\;CMake Files\src\SFML\System\;CMake Files\src\SFML\Window\;CMake Files\src\SFML\Network\;CMake Files\src\SFML\Graphics\;CMake Files\src\SFML\Audio\;CMake Files\src\SFML\Main\;"/>
		<Build>
			<Target title="all">
				<Option working_dir="D:/Downloads/SFML-2.0-sources/SFML_test"/>
				<Option type="4"/>
				<MakeCommands>
					<Build command="C:/PROGRA~2/mingw32/bin/mingw32-make.exe -f &quot;D:/Downloads/SFML-2.0-sources/SFML_test/Makefile&quot;  VERBOSE=1 all"/>
					<CompileFile command="C:/PROGRA~2/mingw32/bin/mingw32-make.exe -f &quot;D:/Downloads/SFML-2.0-sources/SFML_test/Makefile&quot;  VERBOSE=1 &quot;$file&quot;"/>
					<Clean command="C:/PROGRA~2/mingw32/bin/mingw32-make.exe -f &quot;D:/Downloads/SFML-2.0-sources/SFML_test/Makefile&quot;  VERBOSE=1 clean"/>
					<DistClean command="C:/PROGRA~2/mingw32/bin/mingw32-make.exe -f &quot;D:/Downloads/SFML-2.0-sources/SFML_test/Makefile&quot;  VERBOSE=1 clean"/>
				</MakeCommands>
			</Target>
			<Target title="install/local">
				<Option working_dir="D:/Downloads/SFML-2.0-sources/SFML_test"/>
				<Option type="4"/>
				<MakeCommands>
					<Build command="C:/PROGRA~2/mingw32/bin/mingw32-make.exe -f &quot;D:/Downloads/SFML-2.0-sources/SFML_test/Makefile&quot;  VERBOSE=1 install/local"/>
					<CompileFile command="C:/PROGRA~2/mingw32/bin/mingw32-make.exe -f &quot;D:/Downloads/SFML-2.0-sources/SFML_test/Makefile&quot;  VERBOSE=1 &quot;$file&quot;"/>
					<Clean command="C:/PROGRA~2/mingw32/bin/mingw32-make.exe -f &quot;D:/Downloads/SFML-2.0-sources/SFML_test/Makefile&quot;  VERBOSE=1 clean"/>
					<DistClean command="C:/PROGRA~2/mingw32/bin/mingw32-make.exe -f &quot;D:/Downloads/SFML-2.0-sources/SFML_test/Makefile&quot;  VERBOSE=1 clean"/>
				</MakeCommands>
			</Target>
			<Target title="install">
				<Option working_dir="D:/Downloads/SFML-2.0-sources/SFML_test"/>
				<Option type="4"/>
				<MakeCommands>
					<Build command="C:/PROGRA~2/mingw32/bin/mingw32-make.exe -f &quot;D:/Downloads/SFML-2.0-sources/SFML_test/Makefile&quot;  VERBOSE=1 install"/>
					<CompileFile command="C:/PROGRA~2/mingw32/bin/mingw32-make.exe -f &quot;D:/Downloads/SFML-2.0-sources/SFML_test/Makefile&quot;  VERBOSE=1 &quot;$file&quot;"/>
					<Clean command="C:/PROGRA~2/mingw32/bin/mingw32-make.exe -f &quot;D:/Downloads/SFML-2.0-sources/SFML_test/Makefile&quot;  VERBOSE=1 clean"/>
					<DistClean command="C:/PROGRA~2/mingw32/bin/mingw32-make.exe -f &quot;D:/Downloads/SFML-2.0-sources/SFML_test/Makefile&quot;  VERBOSE=1 clean"/>
				</MakeCommands>
			</Target>
			<Target title="edit_cache">
				<Option working_dir="D:/Downloads/SFML-2.0-sources/SFML_test"/>
				<Option type="4"/>
				<MakeCommands>
					<Build command="C:/PROGRA~2/mingw32/bin/mingw32-make.exe -f &quot;D:/Downloads/SFML-2.0-sources/SFML_test/Makefile&quot;  VERBOSE=1 edit_cache"/>
					<CompileFile command="C:/PROGRA~2/mingw32/bin/mingw32-make.exe -f &quot;D:/Downloads/SFML-2.0-sources/SFML_test/Makefile&quot;  VERBOSE=1 &quot;$file&quot;"/>
					<Clean command="C:/PROGRA~2/mingw32/bin/mingw32-make.exe -f &quot;D:/Downloads/SFML-2.0-sources/SFML_test/Makefile&quot;  VERBOSE=1 clean"/>
					<DistClean command="C:/PROGRA~2/mingw32/bin/mingw32-make.exe -f &quot;D:/Downloads/SFML-2.0-sources/SFML_test/Makefile&quot;  VERBOSE=1 clean"/>
				</MakeCommands>
			</Target>
			<Target title="rebuild_cache">
				<Option working_dir="D:/Downloads/SFML-2.0-sources/SFML_test"/>
				<Option type="4"/>
				<MakeCommands>
					<Build command="C:/PROGRA~2/mingw32/bin/mingw32-make.exe -f &quot;D:/Downloads/SFML-2.0-sources/SFML_test/Makefile&quot;  VERBOSE=1 rebuild_cache"/>
					<CompileFile command="C:/PROGRA~2/mingw32/bin/mingw32-make.exe -f &quot;D:/Downloads/SFML-2.0-sources/SFML_test/Makefile&quot;  VERBOSE=1 &quot;$file&quot;"/>
					<Clean command="C:/PROGRA~2/mingw32/bin/mingw32-make.exe -f &quot;D:/Downloads/SFML-2.0-sources/SFML_test/Makefile&quot;  VERBOSE=1 clean"/>
					<DistClean command="C:/PROGRA~2/mingw32/bin/mingw32-make.exe -f &quot;D:/Downloads/SFML-2.0-sources/SFML_test/Makefile&quot;  VERBOSE=1 clean"/>
				</MakeCommands>
			</Target>
			<Target title="list_install_components">
				<Option working_dir="D:/Downloads/SFML-2.0-sources/SFML_test"/>
				<Option type="4"/>
				<MakeCommands>
					<Build command="C:/PROGRA~2/mingw32/bin/mingw32-make.exe -f &quot;D:/Downloads/SFML-2.0-sources/SFML_test/Makefile&quot;  VERBOSE=1 list_install_components"/>
					<CompileFile command="C:/PROGRA~2/mingw32/bin/mingw32-make.exe -f &quot;D:/Downloads/SFML-2.0-sources/SFML_test/Makefile&quot;  VERBOSE=1 &quot;$file&quot;"/>
					<Clean command="C:/PROGRA~2/mingw32/bin/mingw32-make.exe -f &quot;D:/Downloads/SFML-2.0-sources/SFML_test/Makefile&quot;  VERBOSE=1 clean"/>
					<DistClean command="C:/PROGRA~2/mingw32/bin/mingw32-make.exe -f &quot;D:/Downloads/SFML-2.0-sources/SFML_test/Makefile&quot;  VERBOSE=1 clean"/>
				</MakeCommands>
			</Target>
			<Target title="install/strip">
				<Option working_dir="D:/Downloads/SFML-2.0-sources/SFML_test"/>
				<Option type="4"/>
				<MakeCommands>
					<Build command="C:/PROGRA~2/mingw32/bin/mingw32-make.exe -f &quot;D:/Downloads/SFML-2.0-sources/SFML_test/Makefile&quot;  VERBOSE=1 install/strip"/>
					<CompileFile command="C:/PROGRA~2/mingw32/bin/mingw32-make.exe -f &quot;D:/Downloads/SFML-2.0-sources/SFML_test/Makefile&quot;  VERBOSE=1 &quot;$file&quot;"/>
					<Clean command="C:/PROGRA~2/mingw32/bin/mingw32-make.exe -f &quot;D:/Downloads/SFML-2.0-sources/SFML_test/Makefile&quot;  VERBOSE=1 clean"/>
					<DistClean command="C:/PROGRA~2/mingw32/bin/mingw32-make.exe -f &quot;D:/Downloads/SFML-2.0-sources/SFML_test/Makefile&quot;  VERBOSE=1 clean"/>
				</MakeCommands>
			</Target>
			<Target title="sfml-system">
				<Option output="D:/Downloads/SFML-2.0-sources/SFML_test/lib/sfml-system-2.dll" prefix_auto="0" extension_auto="0"/>
				<Option working_dir="D:/Downloads/SFML-2.0-sources/SFML_test/src/SFML/System"/>
				<Option object_output="./"/>
				<Option type="3"/>
				<Option compiler="gcc"/>
				<Compiler>
					<Add directory="D:/Downloads/SFML-2.0-sources/SFML-2.0/include"/>
					<Add directory="D:/Downloads/SFML-2.0-sources/SFML-2.0/src"/>
					<Add directory="C:/Program Files (x86)/mingw32/bin/../lib/gcc/i686-w64-mingw32/4.8.2/include"/>
					<Add directory="C:/Program Files (x86)/mingw32/bin/../lib/gcc/i686-w64-mingw32/4.8.2/include-fixed"/>
					<Add directory="C:/Program Files (x86)/mingw32/bin/../lib/gcc/i686-w64-mingw32/4.8.2/../../../../i686-w64-mingw32/include"/>
					<Add directory="C:/Program Files (x86)/mingw32/lib/gcc/../../i686-w64-mingw32/include/c++"/>
					<Add directory="C:/Program Files (x86)/mingw32/lib/gcc/../../i686-w64-mingw32/include/c++/i686-w64-mingw32"/>
					<Add directory="C:/Program Files (x86)/mingw32/lib/gcc/../../i686-w64-mingw32/include/c++/backward"/>
				</Compiler>
				<MakeCommands>
					<Build command="C:/PROGRA~2/mingw32/bin/mingw32-make.exe -f &quot;D:/Downloads/SFML-2.0-sources/SFML_test/src/SFML/System/Makefile&quot;  VERBOSE=1 sfml-system"/>
					<CompileFile command="C:/PROGRA~2/mingw32/bin/mingw32-make.exe -f &quot;D:/Downloads/SFML-2.0-sources/SFML_test/src/SFML/System/Makefile&quot;  VERBOSE=1 &quot;$file&quot;"/>
					<Clean command="C:/PROGRA~2/mingw32/bin/mingw32-make.exe -f &quot;D:/Downloads/SFML-2.0-sources/SFML_test/src/SFML/System/Makefile&quot;  VERBOSE=1 clean"/>
					<DistClean command="C:/PROGRA~2/mingw32/bin/mingw32-make.exe -f &quot;D:/Downloads/SFML-2.0-sources/SFML_test/src/SFML/System/Makefile&quot;  VERBOSE=1 clean"/>
				</MakeCommands>
			</Target>
			<Target title="sfml-system/fast">
				<Option output="D:/Downloads/SFML-2.0-sources/SFML_test/lib/sfml-system-2.dll" prefix_auto="0" extension_auto="0"/>
				<Option working_dir="D:/Downloads/SFML-2.0-sources/SFML_test/src/SFML/System"/>
				<Option object_output="./"/>
				<Option type="3"/>
				<Option compiler="gcc"/>
				<Compiler>
					<Add directory="D:/Downloads/SFML-2.0-sources/SFML-2.0/include"/>
					<Add directory="D:/Downloads/SFML-2.0-sources/SFML-2.0/src"/>
					<Add directory="C:/Program Files (x86)/mingw32/bin/../lib/gcc/i686-w64-mingw32/4.8.2/include"/>
					<Add directory="C:/Program Files (x86)/mingw32/bin/../lib/gcc/i686-w64-mingw32/4.8.2/include-fixed"/>
					<Add directory="C:/Program Files (x86)/mingw32/bin/../lib/gcc/i686-w64-mingw32/4.8.2/../../../../i686-w64-mingw32/include"/>
					<Add directory="C:/Program Files (x86)/mingw32/lib/gcc/../../i686-w64-mingw32/include/c++"/>
					<Add directory="C:/Program Files (x86)/mingw32/lib/gcc/../../i686-w64-mingw32/include/c++/i686-w64-mingw32"/>
					<Add directory="C:/Program Files (x86)/mingw32/lib/gcc/../../i686-w64-mingw32/include/c++/backward"/>
				</Compiler>
				<MakeCommands>
					<Build command="C:/PROGRA~2/mingw32/bin/mingw32-make.exe -f &quot;D:/Downloads/SFML-2.0-sources/SFML_test/src/SFML/System/Makefile&quot;  VERBOSE=1 sfml-system/fast"/>
					<CompileFile command="C:/PROGRA~2/mingw32/bin/mingw32-make.exe -f &quot;D:/Downloads/SFML-2.0-sources/SFML_test/src/SFML/System/Makefile&quot;  VERBOSE=1 &quot;$file&quot;"/>
					<Clean command="C:/PROGRA~2/mingw32/bin/mingw32-make.exe -f &quot;D:/Downloads/SFML-2.0-sources/SFML_test/src/SFML/System/Makefile&quot;  VERBOSE=1 clean"/>
					<DistClean command="C:/PROGRA~2/mingw32/bin/mingw32-make.exe -f &quot;D:/Downloads/SFML-2.0-sources/SFML_test/src/SFML/System/Makefile&quot;  VERBOSE=1 clean"/>
				</MakeCommands>
			</Target>
			<Target title="sfml-window">
				<Option output="D:/Downloads/SFML-2.0-sources/SFML_test/lib/sfml-window-2.dll" prefix_auto="0" extension_auto="0"/>
				<Option working_dir="D:/Downloads/SFML-2.0-sources/SFML_test/src/SFML/Window"/>
				<Option object_output="./"/>
				<Option type="3"/>
				<Option compiler="gcc"/>
				<Compiler>
					<Add directory="D:/Downloads/SFML-2.0-sources/SFML-2.0/include"/>
					<Add directory="D:/Downloads/SFML-2.0-sources/SFML-2.0/src"/>
					<Add directory="C:/Program Files (x86)/mingw32/bin/../lib/gcc/i686-w64-mingw32/4.8.2/include"/>
					<Add directory="C:/Program Files (x86)/mingw32/bin/../lib/gcc/i686-w64-mingw32/4.8.2/include-fixed"/>
					<Add directory="C:/Program Files (x86)/mingw32/bin/../lib/gcc/i686-w64-mingw32/4.8.2/../../../../i686-w64-mingw32/include"/>
					<Add directory="C:/Program Files (x86)/mingw32/lib/gcc/../../i686-w64-mingw32/include/c++"/>
					<Add directory="C:/Program Files (x86)/mingw32/lib/gcc/../../i686-w64-mingw32/include/c++/i686-w64-mingw32"/>
					<Add directory="C:/Program Files (x86)/mingw32/lib/gcc/../../i686-w64-mingw32/include/c++/backward"/>
				</Compiler>
				<MakeCommands>
					<Build command="C:/PROGRA~2/mingw32/bin/mingw32-make.exe -f &quot;D:/Downloads/SFML-2.0-sources/SFML_test/src/SFML/Window/Makefile&quot;  VERBOSE=1 sfml-window"/>
					<CompileFile command="C:/PROGRA~2/mingw32/bin/mingw32-make.exe -f &quot;D:/Downloads/SFML-2.0-sources/SFML_test/src/SFML/Window/Makefile&quot;  VERBOSE=1 &quot;$file&quot;"/>
					<Clean command="C:/PROGRA~2/mingw32/bin/mingw32-make.exe -f &quot;D:/Downloads/SFML-2.0-sources/SFML_test/src/SFML/Window/Makefile&quot;  VERBOSE=1 clean"/>
					<DistClean command="C:/PROGRA~2/mingw32/bin/mingw32-make.exe -f &quot;D:/Downloads/SFML-2.0-sources/SFML_test/src/SFML/Window/Makefile&quot;  VERBOSE=1 clean"/>
				</MakeCommands>
			</Target>
			<Target title="sfml-window/fast">
				<Option output="D:/Downloads/SFML-2.0-sources/SFML_test/lib/sfml-window-2.dll" prefix_auto="0" extension_auto="0"/>
				<Option working_dir="D:/Downloads/SFML-2.0-sources/SFML_test/src/SFML/Window"/>
				<Option object_output="./"/>
				<Option type="3"/>
				<Option compiler="gcc"/>
				<Compiler>
					<Add directory="D:/Downloads/SFML-2.0-sources/SFML-2.0/include"/>
					<Add directory="D:/Downloads/SFML-2.0-sources/SFML-2.0/src"/>
					<Add directory="C:/Program Files (x86)/mingw32/bin/../lib/gcc/i686-w64-mingw32/4.8.2/include"/>
					<Add directory="C:/Program Files (x86)/mingw32/bin/../lib/gcc/i686-w64-mingw32/4.8.2/include-fixed"/>
					<Add directory="C:/Program Files (x86)/mingw32/bin/../lib/gcc/i686-w64-mingw32/4.8.2/../../../../i686-w64-mingw32/include"/>
					<Add directory="C:/Program Files (x86)/mingw32/lib/gcc/../../i686-w64-mingw32/include/c++"/>
					<Add directory="C:/Program Files (x86)/mingw32/lib/gcc/../../i686-w64-mingw32/include/c++/i686-w64-mingw32"/>
					<Add directory="C:/Program Files (x86)/mingw32/lib/gcc/../../i686-w64-mingw32/include/c++/backward"/>
				</Compiler>
				<MakeCommands>
					<Build command="C:/PROGRA~2/mingw32/bin/mingw32-make.exe -f &quot;D:/Downloads/SFML-2.0-sources/SFML_test/src/SFML/Window/Makefile&quot;  VERBOSE=1 sfml-window/fast"/>
					<CompileFile command="C:/PROGRA~2/mingw32/bin/mingw32-make.exe -f &quot;D:/Downloads/SFML-2.0-sources/SFML_test/src/SFML/Window/Makefile&quot;  VERBOSE=1 &quot;$file&quot;"/>
					<Clean command="C:/PROGRA~2/mingw32/bin/mingw32-make.exe -f &quot;D:/Downloads/SFML-2.0-sources/SFML_test/src/SFML/Window/Makefile&quot;  VERBOSE=1 clean"/>
					<DistClean command="C:/PROGRA~2/mingw32/bin/mingw32-make.exe -f &quot;D:/Downloads/SFML-2.0-sources/SFML_test/src/SFML/Window/Makefile&quot;  VERBOSE=1 clean"/>
				</MakeCommands>
			</Target>
			<Target title="sfml-network">
				<Option output="D:/Downloads/SFML-2.0-sources/SFML_test/lib/sfml-network-2.dll" prefix_auto="0" extension_auto="0"/>
				<Option working_dir="D:/Downloads/SFML-2.0-sources/SFML_test/src/SFML/Network"/>
				<Option object_output="./"/>
				<Option type="3"/>
				<Option compiler="gcc"/>
				<Compiler>
					<Add directory="D:/Downloads/SFML-2.0-sources/SFML-2.0/include"/>
					<Add directory="D:/Downloads/SFML-2.0-sources/SFML-2.0/src"/>
					<Add directory="C:/Program Files (x86)/mingw32/bin/../lib/gcc/i686-w64-mingw32/4.8.2/include"/>
					<Add directory="C:/Program Files (x86)/mingw32/bin/../lib/gcc/i686-w64-mingw32/4.8.2/include-fixed"/>
					<Add directory="C:/Program Files (x86)/mingw32/bin/../lib/gcc/i686-w64-mingw32/4.8.2/../../../../i686-w64-mingw32/include"/>
					<Add directory="C:/Program Files (x86)/mingw32/lib/gcc/../../i686-w64-mingw32/include/c++"/>
					<Add directory="C:/Program Files (x86)/mingw32/lib/gcc/../../i686-w64-mingw32/include/c++/i686-w64-mingw32"/>
					<Add directory="C:/Program Files (x86)/mingw32/lib/gcc/../../i686-w64-mingw32/include/c++/backward"/>
				</Compiler>
				<MakeCommands>
					<Build command="C:/PROGRA~2/mingw32/bin/mingw32-make.exe -f &quot;D:/Downloads/SFML-2.0-sources/SFML_test/src/SFML/Network/Makefile&quot;  VERBOSE=1 sfml-network"/>
					<CompileFile command="C:/PROGRA~2/mingw32/bin/mingw32-make.exe -f &quot;D:/Downloads/SFML-2.0-sources/SFML_test/src/SFML/Network/Makefile&quot;  VERBOSE=1 &quot;$file&quot;"/>
					<Clean command="C:/PROGRA~2/mingw32/bin/mingw32-make.exe -f &quot;D:/Downloads/SFML-2.0-sources/SFML_test/src/SFML/Network/Makefile&quot;  VERBOSE=1 clean"/>
					<DistClean command="C:/PROGRA~2/mingw32/bin/mingw32-make.exe -f &quot;D:/Downloads/SFML-2.0-sources/SFML_test/src/SFML/Network/Makefile&quot;  VERBOSE=1 clean"/>
				</MakeCommands>
			</Target>
			<Target title="sfml-network/fast">
				<Option output="D:/Downloads/SFML-2.0-sources/SFML_test/lib/sfml-network-2.dll" prefix_auto="0" extension_auto="0"/>
				<Option working_dir="D:/Downloads/SFML-2.0-sources/SFML_test/src/SFML/Network"/>
				<Option object_output="./"/>
				<Option type="3"/>
				<Option compiler="gcc"/>
				<Compiler>
					<Add directory="D:/Downloads/SFML-2.0-sources/SFML-2.0/include"/>
					<Add directory="D:/Downloads/SFML-2.0-sources/SFML-2.0/src"/>
					<Add directory="C:/Program Files (x86)/mingw32/bin/../lib/gcc/i686-w64-mingw32/4.8.2/include"/>
					<Add directory="C:/Program Files (x86)/mingw32/bin/../lib/gcc/i686-w64-mingw32/4.8.2/include-fixed"/>
					<Add directory="C:/Program Files (x86)/mingw32/bin/../lib/gcc/i686-w64-mingw32/4.8.2/../../../../i686-w64-mingw32/include"/>
					<Add directory="C:/Program Files (x86)/mingw32/lib/gcc/../../i686-w64-mingw32/include/c++"/>
					<Add directory="C:/Program Files (x86)/mingw32/lib/gcc/../../i686-w64-mingw32/include/c++/i686-w64-mingw32"/>
					<Add directory="C:/Program Files (x86)/mingw32/lib/gcc/../../i686-w64-mingw32/include/c++/backward"/>
				</Compiler>
				<MakeCommands>
					<Build command="C:/PROGRA~2/mingw32/bin/mingw32-make.exe -f &quot;D:/Downloads/SFML-2.0-sources/SFML_test/src/SFML/Network/Makefile&quot;  VERBOSE=1 sfml-network/fast"/>
					<CompileFile command="C:/PROGRA~2/mingw32/bin/mingw32-make.exe -f &quot;D:/Downloads/SFML-2.0-sources/SFML_test/src/SFML/Network/Makefile&quot;  VERBOSE=1 &quot;$file&quot;"/>
					<Clean command="C:/PROGRA~2/mingw32/bin/mingw32-make.exe -f &quot;D:/Downloads/SFML-2.0-sources/SFML_test/src/SFML/Network/Makefile&quot;  VERBOSE=1 clean"/>
					<DistClean command="C:/PROGRA~2/mingw32/bin/mingw32-make.exe -f &quot;D:/Downloads/SFML-2.0-sources/SFML_test/src/SFML/Network/Makefile&quot;  VERBOSE=1 clean"/>
				</MakeCommands>
			</Target>
			<Target title="sfml-graphics">
				<Option output="D:/Downloads/SFML-2.0-sources/SFML_test/lib/sfml-graphics-2.dll" prefix_auto="0" extension_auto="0"/>
				<Option working_dir="D:/Downloads/SFML-2.0-sources/SFML_test/src/SFML/Graphics"/>
				<Option object_output="./"/>
				<Option type="3"/>
				<Option compiler="gcc"/>
				<Compiler>
					<Add option="-DGLEW_STATIC"/>
					<Add option="-DSTBI_FAILURE_USERMSG"/>
					<Add directory="D:/Downloads/SFML-2.0-sources/SFML-2.0/include"/>
					<Add directory="D:/Downloads/SFML-2.0-sources/SFML-2.0/src"/>
					<Add directory="D:/Downloads/SFML-2.0-sources/SFML-2.0/extlibs/headers/libfreetype/windows"/>
					<Add directory="D:/Downloads/SFML-2.0-sources/SFML-2.0/extlibs/headers"/>
					<Add directory="D:/Downloads/SFML-2.0-sources/SFML-2.0/extlibs/headers/jpeg"/>
					<Add directory="C:/Program Files (x86)/mingw32/bin/../lib/gcc/i686-w64-mingw32/4.8.2/include"/>
					<Add directory="C:/Program Files (x86)/mingw32/bin/../lib/gcc/i686-w64-mingw32/4.8.2/include-fixed"/>
					<Add directory="C:/Program Files (x86)/mingw32/bin/../lib/gcc/i686-w64-mingw32/4.8.2/../../../../i686-w64-mingw32/include"/>
					<Add directory="C:/Program Files (x86)/mingw32/lib/gcc/../../i686-w64-mingw32/include/c++"/>
					<Add directory="C:/Program Files (x86)/mingw32/lib/gcc/../../i686-w64-mingw32/include/c++/i686-w64-mingw32"/>
					<Add directory="C:/Program Files (x86)/mingw32/lib/gcc/../../i686-w64-mingw32/include/c++/backward"/>
				</Compiler>
				<MakeCommands>
					<Build command="C:/PROGRA~2/mingw32/bin/mingw32-make.exe -f &quot;D:/Downloads/SFML-2.0-sources/SFML_test/src/SFML/Graphics/Makefile&quot;  VERBOSE=1 sfml-graphics"/>
					<CompileFile command="C:/PROGRA~2/mingw32/bin/mingw32-make.exe -f &quot;D:/Downloads/SFML-2.0-sources/SFML_test/src/SFML/Graphics/Makefile&quot;  VERBOSE=1 &quot;$file&quot;"/>
					<Clean command="C:/PROGRA~2/mingw32/bin/mingw32-make.exe -f &quot;D:/Downloads/SFML-2.0-sources/SFML_test/src/SFML/Graphics/Makefile&quot;  VERBOSE=1 clean"/>
					<DistClean command="C:/PROGRA~2/mingw32/bin/mingw32-make.exe -f &quot;D:/Downloads/SFML-2.0-sources/SFML_test/src/SFML/Graphics/Makefile&quot;  VERBOSE=1 clean"/>
				</MakeCommands>
			</Target>
			<Target title="sfml-graphics/fast">
				<Option output="D:/Downloads/SFML-2.0-sources/SFML_test/lib/sfml-graphics-2.dll" prefix_auto="0" extension_auto="0"/>
				<Option working_dir="D:/Downloads/SFML-2.0-sources/SFML_test/src/SFML/Graphics"/>
				<Option object_output="./"/>
				<Option type="3"/>
				<Option compiler="gcc"/>
				<Compiler>
					<Add option="-DGLEW_STATIC"/>
					<Add option="-DSTBI_FAILURE_USERMSG"/>
					<Add directory="D:/Downloads/SFML-2.0-sources/SFML-2.0/include"/>
					<Add directory="D:/Downloads/SFML-2.0-sources/SFML-2.0/src"/>
					<Add directory="D:/Downloads/SFML-2.0-sources/SFML-2.0/extlibs/headers/libfreetype/windows"/>
					<Add directory="D:/Downloads/SFML-2.0-sources/SFML-2.0/extlibs/headers"/>
					<Add directory="D:/Downloads/SFML-2.0-sources/SFML-2.0/extlibs/headers/jpeg"/>
					<Add directory="C:/Program Files (x86)/mingw32/bin/../lib/gcc/i686-w64-mingw32/4.8.2/include"/>
					<Add directory="C:/Program Files (x86)/mingw32/bin/../lib/gcc/i686-w64-mingw32/4.8.2/include-fixed"/>
					<Add directory="C:/Program Files (x86)/mingw32/bin/../lib/gcc/i686-w64-mingw32/4.8.2/../../../../i686-w64-mingw32/include"/>
					<Add directory="C:/Program Files (x86)/mingw32/lib/gcc/../../i686-w64-mingw32/include/c++"/>
					<Add directory="C:/Program Files (x86)/mingw32/lib/gcc/../../i686-w64-mingw32/include/c++/i686-w64-mingw32"/>
					<Add directory="C:/Program Files (x86)/mingw32/lib/gcc/../../i686-w64-mingw32/include/c++/backward"/>
				</Compiler>
				<MakeCommands>
					<Build command="C:/PROGRA~2/mingw32/bin/mingw32-make.exe -f &quot;D:/Downloads/SFML-2.0-sources/SFML_test/src/SFML/Graphics/Makefile&quot;  VERBOSE=1 sfml-graphics/fast"/>
					<CompileFile command="C:/PROGRA~2/mingw32/bin/mingw32-make.exe -f &quot;D:/Downloads/SFML-2.0-sources/SFML_test/src/SFML/Graphics/Makefile&quot;  VERBOSE=1 &quot;$file&quot;"/>
					<Clean command="C:/PROGRA~2/mingw32/bin/mingw32-make.exe -f &quot;D:/Downloads/SFML-2.0-sources/SFML_test/src/SFML/Graphics/Makefile&quot;  VERBOSE=1 clean"/>
					<DistClean command="C:/PROGRA~2/mingw32/bin/mingw32-make.exe -f &quot;D:/Downloads/SFML-2.0-sources/SFML_test/src/SFML/Graphics/Makefile&quot;  VERBOSE=1 clean"/>
				</MakeCommands>
			</Target>
			<Target title="sfml-audio">
				<Option output="D:/Downloads/SFML-2.0-sources/SFML_test/lib/sfml-audio-2.dll" prefix_auto="0" extension_auto="0"/>
				<Option working_dir="D:/Downloads/SFML-2.0-sources/SFML_test/src/SFML/Audio"/>
				<Option object_output="./"/>
				<Option type="3"/>
				<Option compiler="gcc"/>
				<Compiler>
					<Add directory="D:/Downloads/SFML-2.0-sources/SFML-2.0/include"/>
					<Add directory="D:/Downloads/SFML-2.0-sources/SFML-2.0/src"/>
					<Add directory="D:/Downloads/SFML-2.0-sources/SFML-2.0/extlibs/headers/AL"/>
					<Add directory="D:/Downloads/SFML-2.0-sources/SFML-2.0/extlibs/headers/libsndfile/windows"/>
					<Add directory="C:/Program Files (x86)/mingw32/bin/../lib/gcc/i686-w64-mingw32/4.8.2/include"/>
					<Add directory="C:/Program Files (x86)/mingw32/bin/../lib/gcc/i686-w64-mingw32/4.8.2/include-fixed"/>
					<Add directory="C:/Program Files (x86)/mingw32/bin/../lib/gcc/i686-w64-mingw32/4.8.2/../../../../i686-w64-mingw32/include"/>
					<Add directory="C:/Program Files (x86)/mingw32/lib/gcc/../../i686-w64-mingw32/include/c++"/>
					<Add directory="C:/Program Files (x86)/mingw32/lib/gcc/../../i686-w64-mingw32/include/c++/i686-w64-mingw32"/>
					<Add directory="C:/Program Files (x86)/mingw32/lib/gcc/../../i686-w64-mingw32/include/c++/backward"/>
				</Compiler>
				<MakeCommands>
					<Build command="C:/PROGRA~2/mingw32/bin/mingw32-make.exe -f &quot;D:/Downloads/SFML-2.0-sources/SFML_test/src/SFML/Audio/Makefile&quot;  VERBOSE=1 sfml-audio"/>
					<CompileFile command="C:/PROGRA~2/mingw32/bin/mingw32-make.exe -f &quot;D:/Downloads/SFML-2.0-sources/SFML_test/src/SFML/Audio/Makefile&quot;  VERBOSE=1 &quot;$file&quot;"/>
					<Clean command="C:/PROGRA~2/mingw32/bin/mingw32-make.exe -f &quot;D:/Downloads/SFML-2.0-sources/SFML_test/src/SFML/Audio/Makefile&quot;  VERBOSE=1 clean"/>
					<DistClean command="C:/PROGRA~2/mingw32/bin/mingw32-make.exe -f &quot;D:/Downloads/SFML-2.0-sources/SFML_test/src/SFML/Audio/Makefile&quot;  VERBOSE=1 clean"/>
				</MakeCommands>
			</Target>
			<Target title="sfml-audio/fast">
				<Option output="D:/Downloads/SFML-2.0-sources/SFML_test/lib/sfml-audio-2.dll" prefix_auto="0" extension_auto="0"/>
				<Option working_dir="D:/Downloads/SFML-2.0-sources/SFML_test/src/SFML/Audio"/>
				<Option object_output="./"/>
				<Option type="3"/>
				<Option compiler="gcc"/>
				<Compiler>
					<Add directory="D:/Downloads/SFML-2.0-sources/SFML-2.0/include"/>
					<Add directory="D:/Downloads/SFML-2.0-sources/SFML-2.0/src"/>
					<Add directory="D:/Downloads/SFML-2.0-sources/SFML-2.0/extlibs/headers/AL"/>
					<Add directory="D:/Downloads/SFML-2.0-sources/SFML-2.0/extlibs/headers/libsndfile/windows"/>
					<Add directory="C:/Program Files (x86)/mingw32/bin/../lib/gcc/i686-w64-mingw32/4.8.2/include"/>
					<Add directory="C:/Program Files (x86)/mingw32/bin/../lib/gcc/i686-w64-mingw32/4.8.2/include-fixed"/>
					<Add directory="C:/Program Files (x86)/mingw32/bin/../lib/gcc/i686-w64-mingw32/4.8.2/../../../../i686-w64-mingw32/include"/>
					<Add directory="C:/Program Files (x86)/mingw32/lib/gcc/../../i686-w64-mingw32/include/c++"/>
					<Add directory="C:/Program Files (x86)/mingw32/lib/gcc/../../i686-w64-mingw32/include/c++/i686-w64-mingw32"/>
					<Add directory="C:/Program Files (x86)/mingw32/lib/gcc/../../i686-w64-mingw32/include/c++/backward"/>
				</Compiler>
				<MakeCommands>
					<Build command="C:/PROGRA~2/mingw32/bin/mingw32-make.exe -f &quot;D:/Downloads/SFML-2.0-sources/SFML_test/src/SFML/Audio/Makefile&quot;  VERBOSE=1 sfml-audio/fast"/>
					<CompileFile command="C:/PROGRA~2/mingw32/bin/mingw32-make.exe -f &quot;D:/Downloads/SFML-2.0-sources/SFML_test/src/SFML/Audio/Makefile&quot;  VERBOSE=1 &quot;$file&quot;"/>
					<Clean command="C:/PROGRA~2/mingw32/bin/mingw32-make.exe -f &quot;D:/Downloads/SFML-2.0-sources/SFML_test/src/SFML/Audio/Makefile&quot;  VERBOSE=1 clean"/>
					<DistClean command="C:/PROGRA~2/mingw32/bin/mingw32-make.exe -f &quot;D:/Downloads/SFML-2.0-sources/SFML_test/src/SFML/Audio/Makefile&quot;  VERBOSE=1 clean"/>
				</MakeCommands>
			</Target>
			<Target title="sfml-main">
				<Option output="D:/Downloads/SFML-2.0-sources/SFML_test/lib/libsfml-main.a" prefix_auto="0" extension_auto="0"/>
				<Option working_dir="D:/Downloads/SFML-2.0-sources/SFML_test/src/SFML/Main"/>
				<Option object_output="./"/>
				<Option type="2"/>
				<Option compiler="gcc"/>
				<Compiler>
					<Add directory="D:/Downloads/SFML-2.0-sources/SFML-2.0/include"/>
					<Add directory="D:/Downloads/SFML-2.0-sources/SFML-2.0/src"/>
					<Add directory="C:/Program Files (x86)/mingw32/bin/../lib/gcc/i686-w64-mingw32/4.8.2/include"/>
					<Add directory="C:/Program Files (x86)/mingw32/bin/../lib/gcc/i686-w64-mingw32/4.8.2/include-fixed"/>
					<Add directory="C:/Program Files (x86)/mingw32/bin/../lib/gcc/i686-w64-mingw32/4.8.2/../../../../i686-w64-mingw32/include"/>
					<Add directory="C:/Program Files (x86)/mingw32/lib/gcc/../../i686-w64-mingw32/include/c++"/>
					<Add directory="C:/Program Files (x86)/mingw32/lib/gcc/../../i686-w64-mingw32/include/c++/i686-w64-mingw32"/>
					<Add directory="C:/Program Files (x86)/mingw32/lib/gcc/../../i686-w64-mingw32/include/c++/backward"/>
				</Compiler>
				<MakeCommands>
					<Build command="C:/PROGRA~2/mingw32/bin/mingw32-make.exe -f &quot;D:/Downloads/SFML-2.0-sources/SFML_test/src/SFML/Main/Makefile&quot;  VERBOSE=1 sfml-main"/>
					<CompileFile command="C:/PROGRA~2/mingw32/bin/mingw32-make.exe -f &quot;D:/Downloads/SFML-2.0-sources/SFML_test/src/SFML/Main/Makefile&quot;  VERBOSE=1 &quot;$file&quot;"/>
					<Clean command="C:/PROGRA~2/mingw32/bin/mingw32-make.exe -f &quot;D:/Downloads/SFML-2.0-sources/SFML_test/src/SFML/Main/Makefile&quot;  VERBOSE=1 clean"/>
					<DistClean command="C:/PROGRA~2/mingw32/bin/mingw32-make.exe -f &quot;D:/Downloads/SFML-2.0-sources/SFML_test/src/SFML/Main/Makefile&quot;  VERBOSE=1 clean"/>
				</MakeCommands>
			</Target>
			<Target title="sfml-main/fast">
				<Option output="D:/Downloads/SFML-2.0-sources/SFML_test/lib/libsfml-main.a" prefix_auto="0" extension_auto="0"/>
				<Option working_dir="D:/Downloads/SFML-2.0-sources/SFML_test/src/SFML/Main"/>
				<Option object_output="./"/>
				<Option type="2"/>
				<Option compiler="gcc"/>
				<Compiler>
					<Add directory="D:/Downloads/SFML-2.0-sources/SFML-2.0/include"/>
					<Add directory="D:/Downloads/SFML-2.0-sources/SFML-2.0/src"/>
					<Add directory="C:/Program Files (x86)/mingw32/bin/../lib/gcc/i686-w64-mingw32/4.8.2/include"/>
					<Add directory="C:/Program Files (x86)/mingw32/bin/../lib/gcc/i686-w64-mingw32/4.8.2/include-fixed"/>
					<Add directory="C:/Program Files (x86)/mingw32/bin/../lib/gcc/i686-w64-mingw32/4.8.2/../../../../i686-w64-mingw32/include"/>
					<Add directory="C:/Program Files (x86)/mingw32/lib/gcc/../../i686-w64-mingw32/include/c++"/>
					<Add directory="C:/Program Files (x86)/mingw32/lib/gcc/../../i686-w64-mingw32/include/c++/i686-w64-mingw32"/>
					<Add directory="C:/Program Files (x86)/mingw32/lib/gcc/../../i686-w64-mingw32/include/c++/backward"/>
				</Compiler>
				<MakeCommands>
					<Build command="C:/PROGRA~2/mingw32/bin/mingw32-make.exe -f &quot;D:/Downloads/SFML-2.0-sources/SFML_test/src/SFML/Main/Makefile&quot;  VERBOSE=1 sfml-main/fast"/>
					<CompileFile command="C:/PROGRA~2/mingw32/bin/mingw32-make.exe -f &quot;D:/Downloads/SFML-2.0-sources/SFML_test/src/SFML/Main/Makefile&quot;  VERBOSE=1 &quot;$file&quot;"/>
					<Clean command="C:/PROGRA~2/mingw32/bin/mingw32-make.exe -f &quot;D:/Downloads/SFML-2.0-sources/SFML_test/src/SFML/Main/Makefile&quot;  VERBOSE=1 clean"/>
					<DistClean command="C:/PROGRA~2/mingw32/bin/mingw32-make.exe -f &quot;D:/Downloads/SFML-2.0-sources/SFML_test/src/SFML/Main/Makefile&quot;  VERBOSE=1 clean"/>
				</MakeCommands>
			</Target>
		</Build>
		<Unit filename="D:/Downloads/SFML-2.0-sources/SFML-2.0/include/SFML/Audio/Export.hpp">
			<Option target="sfml-audio"/>
		</Unit>
		<Unit filename="D:/Downloads/SFML-2.0-sources/SFML-2.0/include/SFML/Audio/Listener.hpp">
			<Option target="sfml-audio"/>
		</Unit>
		<Unit filename="D:/Downloads/SFML-2.0-sources/SFML-2.0/include/SFML/Audio/Music.hpp">
			<Option target="sfml-audio"/>
		</Unit>
		<Unit filename="D:/Downloads/SFML-2.0-sources/SFML-2.0/include/SFML/Audio/Sound.hpp">
			<Option target="sfml-audio"/>
		</Unit>
		<Unit filename="D:/Downloads/SFML-2.0-sources/SFML-2.0/include/SFML/Audio/SoundBuffer.hpp">
			<Option target="sfml-audio"/>
		</Unit>
		<Unit filename="D:/Downloads/SFML-2.0-sources/SFML-2.0/include/SFML/Audio/SoundBufferRecorder.hpp">
			<Option target="sfml-audio"/>
		</Unit>
		<Unit filename="D:/Downloads/SFML-2.0-sources/SFML-2.0/include/SFML/Audio/SoundRecorder.hpp">
			<Option target="sfml-audio"/>
		</Unit>
		<Unit filename="D:/Downloads/SFML-2.0-sources/SFML-2.0/include/SFML/Audio/SoundSource.hpp">
			<Option target="sfml-audio"/>
		</Unit>
		<Unit filename="D:/Downloads/SFML-2.0-sources/SFML-2.0/include/SFML/Audio/SoundStream.hpp">
			<Option target="sfml-audio"/>
		</Unit>
		<Unit filename="D:/Downloads/SFML-2.0-sources/SFML-2.0/include/SFML/Graphics/BlendMode.hpp">
			<Option target="sfml-graphics"/>
		</Unit>
		<Unit filename="D:/Downloads/SFML-2.0-sources/SFML-2.0/include/SFML/Graphics/CircleShape.hpp">
			<Option target="sfml-graphics"/>
		</Unit>
		<Unit filename="D:/Downloads/SFML-2.0-sources/SFML-2.0/include/SFML/Graphics/Color.hpp">
			<Option target="sfml-graphics"/>
		</Unit>
		<Unit filename="D:/Downloads/SFML-2.0-sources/SFML-2.0/include/SFML/Graphics/ConvexShape.hpp">
			<Option target="sfml-graphics"/>
		</Unit>
		<Unit filename="D:/Downloads/SFML-2.0-sources/SFML-2.0/include/SFML/Graphics/Drawable.hpp">
			<Option target="sfml-graphics"/>
		</Unit>
		<Unit filename="D:/Downloads/SFML-2.0-sources/SFML-2.0/include/SFML/Graphics/Export.hpp">
			<Option target="sfml-graphics"/>
		</Unit>
		<Unit filename="D:/Downloads/SFML-2.0-sources/SFML-2.0/include/SFML/Graphics/Font.hpp">
			<Option target="sfml-graphics"/>
		</Unit>
		<Unit filename="D:/Downloads/SFML-2.0-sources/SFML-2.0/include/SFML/Graphics/Glyph.hpp">
			<Option target="sfml-graphics"/>
		</Unit>
		<Unit filename="D:/Downloads/SFML-2.0-sources/SFML-2.0/include/SFML/Graphics/Image.hpp">
			<Option target="sfml-graphics"/>
		</Unit>
		<Unit filename="D:/Downloads/SFML-2.0-sources/SFML-2.0/include/SFML/Graphics/PrimitiveType.hpp">
			<Option target="sfml-graphics"/>
		</Unit>
		<Unit filename="D:/Downloads/SFML-2.0-sources/SFML-2.0/include/SFML/Graphics/Rect.hpp">
			<Option target="sfml-graphics"/>
		</Unit>
		<Unit filename="D:/Downloads/SFML-2.0-sources/SFML-2.0/include/SFML/Graphics/Rect.inl">
			<Option target="sfml-graphics"/>
		</Unit>
		<Unit filename="D:/Downloads/SFML-2.0-sources/SFML-2.0/include/SFML/Graphics/RectangleShape.hpp">
			<Option target="sfml-graphics"/>
		</Unit>
		<Unit filename="D:/Downloads/SFML-2.0-sources/SFML-2.0/include/SFML/Graphics/RenderStates.hpp">
			<Option target="sfml-graphics"/>
		</Unit>
		<Unit filename="D:/Downloads/SFML-2.0-sources/SFML-2.0/include/SFML/Graphics/RenderTarget.hpp">
			<Option target="sfml-graphics"/>
		</Unit>
		<Unit filename="D:/Downloads/SFML-2.0-sources/SFML-2.0/include/SFML/Graphics/RenderTexture.hpp">
			<Option target="sfml-graphics"/>
		</Unit>
		<Unit filename="D:/Downloads/SFML-2.0-sources/SFML-2.0/include/SFML/Graphics/RenderWindow.hpp">
			<Option target="sfml-graphics"/>
		</Unit>
		<Unit filename="D:/Downloads/SFML-2.0-sources/SFML-2.0/include/SFML/Graphics/Shader.hpp">
			<Option target="sfml-graphics"/>
		</Unit>
		<Unit filename="D:/Downloads/SFML-2.0-sources/SFML-2.0/include/SFML/Graphics/Shape.hpp">
			<Option target="sfml-graphics"/>
		</Unit>
		<Unit filename="D:/Downloads/SFML-2.0-sources/SFML-2.0/include/SFML/Graphics/Sprite.hpp">
			<Option target="sfml-graphics"/>
		</Unit>
		<Unit filename="D:/Downloads/SFML-2.0-sources/SFML-2.0/include/SFML/Graphics/Text.hpp">
			<Option target="sfml-graphics"/>
		</Unit>
		<Unit filename="D:/Downloads/SFML-2.0-sources/SFML-2.0/include/SFML/Graphics/Texture.hpp">
			<Option target="sfml-graphics"/>
		</Unit>
		<Unit filename="D:/Downloads/SFML-2.0-sources/SFML-2.0/include/SFML/Graphics/Transform.hpp">
			<Option target="sfml-graphics"/>
		</Unit>
		<Unit filename="D:/Downloads/SFML-2.0-sources/SFML-2.0/include/SFML/Graphics/Transformable.hpp">
			<Option target="sfml-graphics"/>
		</Unit>
		<Unit filename="D:/Downloads/SFML-2.0-sources/SFML-2.0/include/SFML/Graphics/Vertex.hpp">
			<Option target="sfml-graphics"/>
		</Unit>
		<Unit filename="D:/Downloads/SFML-2.0-sources/SFML-2.0/include/SFML/Graphics/VertexArray.hpp">
			<Option target="sfml-graphics"/>
		</Unit>
		<Unit filename="D:/Downloads/SFML-2.0-sources/SFML-2.0/include/SFML/Graphics/View.hpp">
			<Option target="sfml-graphics"/>
		</Unit>
		<Unit filename="D:/Downloads/SFML-2.0-sources/SFML-2.0/include/SFML/Network/Export.hpp">
			<Option target="sfml-network"/>
		</Unit>
		<Unit filename="D:/Downloads/SFML-2.0-sources/SFML-2.0/include/SFML/Network/Ftp.hpp">
			<Option target="sfml-network"/>
		</Unit>
		<Unit filename="D:/Downloads/SFML-2.0-sources/SFML-2.0/include/SFML/Network/Http.hpp">
			<Option target="sfml-network"/>
		</Unit>
		<Unit filename="D:/Downloads/SFML-2.0-sources/SFML-2.0/include/SFML/Network/IpAddress.hpp">
			<Option target="sfml-network"/>
		</Unit>
		<Unit filename="D:/Downloads/SFML-2.0-sources/SFML-2.0/include/SFML/Network/Packet.hpp">
			<Option target="sfml-network"/>
		</Unit>
		<Unit filename="D:/Downloads/SFML-2.0-sources/SFML-2.0/include/SFML/Network/Socket.hpp">
			<Option target="sfml-network"/>
		</Unit>
		<Unit filename="D:/Downloads/SFML-2.0-sources/SFML-2.0/include/SFML/Network/SocketHandle.hpp">
			<Option target="sfml-network"/>
		</Unit>
		<Unit filename="D:/Downloads/SFML-2.0-sources/SFML-2.0/include/SFML/Network/SocketSelector.hpp">
			<Option target="sfml-network"/>
		</Unit>
		<Unit filename="D:/Downloads/SFML-2.0-sources/SFML-2.0/include/SFML/Network/TcpListener.hpp">
			<Option target="sfml-network"/>
		</Unit>
		<Unit filename="D:/Downloads/SFML-2.0-sources/SFML-2.0/include/SFML/Network/TcpSocket.hpp">
			<Option target="sfml-network"/>
		</Unit>
		<Unit filename="D:/Downloads/SFML-2.0-sources/SFML-2.0/include/SFML/Network/UdpSocket.hpp">
			<Option target="sfml-network"/>
		</Unit>
		<Unit filename="D:/Downloads/SFML-2.0-sources/SFML-2.0/include/SFML/System/Clock.hpp">
			<Option target="sfml-system"/>
		</Unit>
		<Unit filename="D:/Downloads/SFML-2.0-sources/SFML-2.0/include/SFML/System/Err.hpp">
			<Option target="sfml-system"/>
		</Unit>
		<Unit filename="D:/Downloads/SFML-2.0-sources/SFML-2.0/include/SFML/System/Export.hpp">
			<Option target="sfml-system"/>
		</Unit>
		<Unit filename="D:/Downloads/SFML-2.0-sources/SFML-2.0/include/SFML/System/Lock.hpp">
			<Option target="sfml-system"/>
		</Unit>
		<Unit filename="D:/Downloads/SFML-2.0-sources/SFML-2.0/include/SFML/System/Mutex.hpp">
			<Option target="sfml-system"/>
		</Unit>
		<Unit filename="D:/Downloads/SFML-2.0-sources/SFML-2.0/include/SFML/System/NonCopyable.hpp">
			<Option target="sfml-system"/>
		</Unit>
		<Unit filename="D:/Downloads/SFML-2.0-sources/SFML-2.0/include/SFML/System/Sleep.hpp">
			<Option target="sfml-system"/>
		</Unit>
		<Unit filename="D:/Downloads/SFML-2.0-sources/SFML-2.0/include/SFML/System/String.hpp">
			<Option target="sfml-system"/>
		</Unit>
		<Unit filename="D:/Downloads/SFML-2.0-sources/SFML-2.0/include/SFML/System/Thread.hpp">
			<Option target="sfml-system"/>
		</Unit>
		<Unit filename="D:/Downloads/SFML-2.0-sources/SFML-2.0/include/SFML/System/Thread.inl">
			<Option target="sfml-system"/>
		</Unit>
		<Unit filename="D:/Downloads/SFML-2.0-sources/SFML-2.0/include/SFML/System/ThreadLocal.hpp">
			<Option target="sfml-system"/>
		</Unit>
		<Unit filename="D:/Downloads/SFML-2.0-sources/SFML-2.0/include/SFML/System/ThreadLocalPtr.hpp">
			<Option target="sfml-system"/>
		</Unit>
		<Unit filename="D:/Downloads/SFML-2.0-sources/SFML-2.0/include/SFML/System/ThreadLocalPtr.inl">
			<Option target="sfml-system"/>
		</Unit>
		<Unit filename="D:/Downloads/SFML-2.0-sources/SFML-2.0/include/SFML/System/Time.hpp">
			<Option target="sfml-system"/>
		</Unit>
		<Unit filename="D:/Downloads/SFML-2.0-sources/SFML-2.0/include/SFML/System/Utf.hpp">
			<Option target="sfml-system"/>
		</Unit>
		<Unit filename="D:/Downloads/SFML-2.0-sources/SFML-2.0/include/SFML/System/Utf.inl">
			<Option target="sfml-system"/>
		</Unit>
		<Unit filename="D:/Downloads/SFML-2.0-sources/SFML-2.0/include/SFML/System/Vector2.hpp">
			<Option target="sfml-system"/>
		</Unit>
		<Unit filename="D:/Downloads/SFML-2.0-sources/SFML-2.0/include/SFML/System/Vector2.inl">
			<Option target="sfml-system"/>
		</Unit>
		<Unit filename="D:/Downloads/SFML-2.0-sources/SFML-2.0/include/SFML/System/Vector3.hpp">
			<Option target="sfml-system"/>
		</Unit>
		<Unit filename="D:/Downloads/SFML-2.0-sources/SFML-2.0/include/SFML/System/Vector3.inl">
			<Option target="sfml-system"/>
		</Unit>
		<Unit filename="D:/Downloads/SFML-2.0-sources/SFML-2.0/include/SFML/Window/Context.hpp">
			<Option target="sfml-window"/>
		</Unit>
		<Unit filename="D:/Downloads/SFML-2.0-sources/SFML-2.0/include/SFML/Window/ContextSettings.hpp">
			<Option target="sfml-window"/>
		</Unit>
		<Unit filename="D:/Downloads/SFML-2.0-sources/SFML-2.0/include/SFML/Window/Event.hpp">
			<Option target="sfml-window"/>
		</Unit>
		<Unit filename="D:/Downloads/SFML-2.0-sources/SFML-2.0/include/SFML/Window/Export.hpp">
			<Option target="sfml-window"/>
		</Unit>
		<Unit filename="D:/Downloads/SFML-2.0-sources/SFML-2.0/include/SFML/Window/GlResource.hpp">
			<Option target="sfml-window"/>
		</Unit>
		<Unit filename="D:/Downloads/SFML-2.0-sources/SFML-2.0/include/SFML/Window/Joystick.hpp">
			<Option target="sfml-window"/>
		</Unit>
		<Unit filename="D:/Downloads/SFML-2.0-sources/SFML-2.0/include/SFML/Window/Keyboard.hpp">
			<Option target="sfml-window"/>
		</Unit>
		<Unit filename="D:/Downloads/SFML-2.0-sources/SFML-2.0/include/SFML/Window/Mouse.hpp">
			<Option target="sfml-window"/>
		</Unit>
		<Unit filename="D:/Downloads/SFML-2.0-sources/SFML-2.0/include/SFML/Window/VideoMode.hpp">
			<Option target="sfml-window"/>
		</Unit>
		<Unit filename="D:/Downloads/SFML-2.0-sources/SFML-2.0/include/SFML/Window/Window.hpp">
			<Option target="sfml-window"/>
		</Unit>
		<Unit filename="D:/Downloads/SFML-2.0-sources/SFML-2.0/include/SFML/Window/WindowHandle.hpp">
			<Option target="sfml-window"/>
		</Unit>
		<Unit filename="D:/Downloads/SFML-2.0-sources/SFML-2.0/include/SFML/Window/WindowStyle.hpp">
			<Option target="sfml-window"/>
		</Unit>
		<Unit filename="D:/Downloads/SFML-2.0-sources/SFML-2.0/src/SFML/Audio/ALCheck.cpp">
			<Option target="sfml-audio"/>
		</Unit>
		<Unit filename="D:/Downloads/SFML-2.0-sources/SFML-2.0/src/SFML/Audio/ALCheck.hpp">
			<Option target="sfml-audio"/>
		</Unit>
		<Unit filename="D:/Downloads/SFML-2.0-sources/SFML-2.0/src/SFML/Audio/AudioDevice.cpp">
			<Option target="sfml-audio"/>
		</Unit>
		<Unit filename="D:/Downloads/SFML-2.0-sources/SFML-2.0/src/SFML/Audio/AudioDevice.hpp">
			<Option target="sfml-audio"/>
		</Unit>
		<Unit filename="D:/Downloads/SFML-2.0-sources/SFML-2.0/src/SFML/Audio/Listener.cpp">
			<Option target="sfml-audio"/>
		</Unit>
		<Unit filename="D:/Downloads/SFML-2.0-sources/SFML-2.0/src/SFML/Audio/Music.cpp">
			<Option target="sfml-audio"/>
		</Unit>
		<Unit filename="D:/Downloads/SFML-2.0-sources/SFML-2.0/src/SFML/Audio/Sound.cpp">
			<Option target="sfml-audio"/>
		</Unit>
		<Unit filename="D:/Downloads/SFML-2.0-sources/SFML-2.0/src/SFML/Audio/SoundBuffer.cpp">
			<Option target="sfml-audio"/>
		</Unit>
		<Unit filename="D:/Downloads/SFML-2.0-sources/SFML-2.0/src/SFML/Audio/SoundBufferRecorder.cpp">
			<Option target="sfml-audio"/>
		</Unit>
		<Unit filename="D:/Downloads/SFML-2.0-sources/SFML-2.0/src/SFML/Audio/SoundFile.cpp">
			<Option target="sfml-audio"/>
		</Unit>
		<Unit filename="D:/Downloads/SFML-2.0-sources/SFML-2.0/src/SFML/Audio/SoundFile.hpp">
			<Option target="sfml-audio"/>
		</Unit>
		<Unit filename="D:/Downloads/SFML-2.0-sources/SFML-2.0/src/SFML/Audio/SoundRecorder.cpp">
			<Option target="sfml-audio"/>
		</Unit>
		<Unit filename="D:/Downloads/SFML-2.0-sources/SFML-2.0/src/SFML/Audio/SoundSource.cpp">
			<Option target="sfml-audio"/>
		</Unit>
		<Unit filename="D:/Downloads/SFML-2.0-sources/SFML-2.0/src/SFML/Audio/SoundStream.cpp">
			<Option target="sfml-audio"/>
		</Unit>
		<Unit filename="D:/Downloads/SFML-2.0-sources/SFML-2.0/src/SFML/Graphics/CircleShape.cpp">
			<Option target="sfml-graphics"/>
		</Unit>
		<Unit filename="D:/Downloads/SFML-2.0-sources/SFML-2.0/src/SFML/Graphics/Color.cpp">
			<Option target="sfml-graphics"/>
		</Unit>
		<Unit filename="D:/Downloads/SFML-2.0-sources/SFML-2.0/src/SFML/Graphics/ConvexShape.cpp">
			<Option target="sfml-graphics"/>
		</Unit>
		<Unit filename="D:/Downloads/SFML-2.0-sources/SFML-2.0/src/SFML/Graphics/Font.cpp">
			<Option target="sfml-graphics"/>
		</Unit>
		<Unit filename="D:/Downloads/SFML-2.0-sources/SFML-2.0/src/SFML/Graphics/GLCheck.cpp">
			<Option target="sfml-graphics"/>
		</Unit>
		<Unit filename="D:/Downloads/SFML-2.0-sources/SFML-2.0/src/SFML/Graphics/GLCheck.hpp">
			<Option target="sfml-graphics"/>
		</Unit>
		<Unit filename="D:/Downloads/SFML-2.0-sources/SFML-2.0/src/SFML/Graphics/Image.cpp">
			<Option target="sfml-graphics"/>
		</Unit>
		<Unit filename="D:/Downloads/SFML-2.0-sources/SFML-2.0/src/SFML/Graphics/ImageLoader.cpp">
			<Option target="sfml-graphics"/>
		</Unit>
		<Unit filename="D:/Downloads/SFML-2.0-sources/SFML-2.0/src/SFML/Graphics/ImageLoader.hpp">
			<Option target="sfml-graphics"/>
		</Unit>
		<Unit filename="D:/Downloads/SFML-2.0-sources/SFML-2.0/src/SFML/Graphics/RectangleShape.cpp">
			<Option target="sfml-graphics"/>
		</Unit>
		<Unit filename="D:/Downloads/SFML-2.0-sources/SFML-2.0/src/SFML/Graphics/RenderStates.cpp">
			<Option target="sfml-graphics"/>
		</Unit>
		<Unit filename="D:/Downloads/SFML-2.0-sources/SFML-2.0/src/SFML/Graphics/RenderTarget.cpp">
			<Option target="sfml-graphics"/>
		</Unit>
		<Unit filename="D:/Downloads/SFML-2.0-sources/SFML-2.0/src/SFML/Graphics/RenderTexture.cpp">
			<Option target="sfml-graphics"/>
		</Unit>
		<Unit filename="D:/Downloads/SFML-2.0-sources/SFML-2.0/src/SFML/Graphics/RenderTextureImpl.cpp">
			<Option target="sfml-graphics"/>
		</Unit>
		<Unit filename="D:/Downloads/SFML-2.0-sources/SFML-2.0/src/SFML/Graphics/RenderTextureImpl.hpp">
			<Option target="sfml-graphics"/>
		</Unit>
		<Unit filename="D:/Downloads/SFML-2.0-sources/SFML-2.0/src/SFML/Graphics/RenderTextureImplDefault.cpp">
			<Option target="sfml-graphics"/>
		</Unit>
		<Unit filename="D:/Downloads/SFML-2.0-sources/SFML-2.0/src/SFML/Graphics/RenderTextureImplDefault.hpp">
			<Option target="sfml-graphics"/>
		</Unit>
		<Unit filename="D:/Downloads/SFML-2.0-sources/SFML-2.0/src/SFML/Graphics/RenderTextureImplFBO.cpp">
			<Option target="sfml-graphics"/>
		</Unit>
		<Unit filename="D:/Downloads/SFML-2.0-sources/SFML-2.0/src/SFML/Graphics/RenderTextureImplFBO.hpp">
			<Option target="sfml-graphics"/>
		</Unit>
		<Unit filename="D:/Downloads/SFML-2.0-sources/SFML-2.0/src/SFML/Graphics/RenderWindow.cpp">
			<Option target="sfml-graphics"/>
		</Unit>
		<Unit filename="D:/Downloads/SFML-2.0-sources/SFML-2.0/src/SFML/Graphics/Shader.cpp">
			<Option target="sfml-graphics"/>
		</Unit>
		<Unit filename="D:/Downloads/SFML-2.0-sources/SFML-2.0/src/SFML/Graphics/Shape.cpp">
			<Option target="sfml-graphics"/>
		</Unit>
		<Unit filename="D:/Downloads/SFML-2.0-sources/SFML-2.0/src/SFML/Graphics/Sprite.cpp">
			<Option target="sfml-graphics"/>
		</Unit>
		<Unit filename="D:/Downloads/SFML-2.0-sources/SFML-2.0/src/SFML/Graphics/Text.cpp">
			<Option target="sfml-graphics"/>
		</Unit>
		<Unit filename="D:/Downloads/SFML-2.0-sources/SFML-2.0/src/SFML/Graphics/Texture.cpp">
			<Option target="sfml-graphics"/>
		</Unit>
		<Unit filename="D:/Downloads/SFML-2.0-sources/SFML-2.0/src/SFML/Graphics/TextureSaver.cpp">
			<Option target="sfml-graphics"/>
		</Unit>
		<Unit filename="D:/Downloads/SFML-2.0-sources/SFML-2.0/src/SFML/Graphics/TextureSaver.hpp">
			<Option target="sfml-graphics"/>
		</Unit>
		<Unit filename="D:/Downloads/SFML-2.0-sources/SFML-2.0/src/SFML/Graphics/Transform.cpp">
			<Option target="sfml-graphics"/>
		</Unit>
		<Unit filename="D:/Downloads/SFML-2.0-sources/SFML-2.0/src/SFML/Graphics/Transformable.cpp">
			<Option target="sfml-graphics"/>
		</Unit>
		<Unit filename="D:/Downloads/SFML-2.0-sources/SFML-2.0/src/SFML/Graphics/Vertex.cpp">
			<Option target="sfml-graphics"/>
		</Unit>
		<Unit filename="D:/Downloads/SFML-2.0-sources/SFML-2.0/src/SFML/Graphics/VertexArray.cpp">
			<Option target="sfml-graphics"/>
		</Unit>
		<Unit filename="D:/Downloads/SFML-2.0-sources/SFML-2.0/src/SFML/Graphics/View.cpp">
			<Option target="sfml-graphics"/>
		</Unit>
		<Unit filename="D:/Downloads/SFML-2.0-sources/SFML-2.0/src/SFML/Graphics/stb_image/stb_image.h">
			<Option target="sfml-graphics"/>
		</Unit>
		<Unit filename="D:/Downloads/SFML-2.0-sources/SFML-2.0/src/SFML/Graphics/stb_image/stb_image_write.h">
			<Option target="sfml-graphics"/>
		</Unit>
		<Unit filename="D:/Downloads/SFML-2.0-sources/SFML-2.0/src/SFML/Main/SFML_Main.cpp">
			<Option target="sfml-main"/>
		</Unit>
		<Unit filename="D:/Downloads/SFML-2.0-sources/SFML-2.0/src/SFML/Network/Ftp.cpp">
			<Option target="sfml-network"/>
		</Unit>
		<Unit filename="D:/Downloads/SFML-2.0-sources/SFML-2.0/src/SFML/Network/Http.cpp">
			<Option target="sfml-network"/>
		</Unit>
		<Unit filename="D:/Downloads/SFML-2.0-sources/SFML-2.0/src/SFML/Network/IpAddress.cpp">
			<Option target="sfml-network"/>
		</Unit>
		<Unit filename="D:/Downloads/SFML-2.0-sources/SFML-2.0/src/SFML/Network/Packet.cpp">
			<Option target="sfml-network"/>
		</Unit>
		<Unit filename="D:/Downloads/SFML-2.0-sources/SFML-2.0/src/SFML/Network/Socket.cpp">
			<Option target="sfml-network"/>
		</Unit>
		<Unit filename="D:/Downloads/SFML-2.0-sources/SFML-2.0/src/SFML/Network/SocketImpl.hpp">
			<Option target="sfml-network"/>
		</Unit>
		<Unit filename="D:/Downloads/SFML-2.0-sources/SFML-2.0/src/SFML/Network/SocketSelector.cpp">
			<Option target="sfml-network"/>
		</Unit>
		<Unit filename="D:/Downloads/SFML-2.0-sources/SFML-2.0/src/SFML/Network/TcpListener.cpp">
			<Option target="sfml-network"/>
		</Unit>
		<Unit filename="D:/Downloads/SFML-2.0-sources/SFML-2.0/src/SFML/Network/TcpSocket.cpp">
			<Option target="sfml-network"/>
		</Unit>
		<Unit filename="D:/Downloads/SFML-2.0-sources/SFML-2.0/src/SFML/Network/UdpSocket.cpp">
			<Option target="sfml-network"/>
		</Unit>
		<Unit filename="D:/Downloads/SFML-2.0-sources/SFML-2.0/src/SFML/Network/Win32/SocketImpl.cpp">
			<Option target="sfml-network"/>
		</Unit>
		<Unit filename="D:/Downloads/SFML-2.0-sources/SFML-2.0/src/SFML/Network/Win32/SocketImpl.hpp">
			<Option target="sfml-network"/>
		</Unit>
		<Unit filename="D:/Downloads/SFML-2.0-sources/SFML-2.0/src/SFML/System/Clock.cpp">
			<Option target="sfml-system"/>
		</Unit>
		<Unit filename="D:/Downloads/SFML-2.0-sources/SFML-2.0/src/SFML/System/Err.cpp">
			<Option target="sfml-system"/>
		</Unit>
		<Unit filename="D:/Downloads/SFML-2.0-sources/SFML-2.0/src/SFML/System/Lock.cpp">
			<Option target="sfml-system"/>
		</Unit>
		<Unit filename="D:/Downloads/SFML-2.0-sources/SFML-2.0/src/SFML/System/Mutex.cpp">
			<Option target="sfml-system"/>
		</Unit>
		<Unit filename="D:/Downloads/SFML-2.0-sources/SFML-2.0/src/SFML/System/Sleep.cpp">
			<Option target="sfml-system"/>
		</Unit>
		<Unit filename="D:/Downloads/SFML-2.0-sources/SFML-2.0/src/SFML/System/String.cpp">
			<Option target="sfml-system"/>
		</Unit>
		<Unit filename="D:/Downloads/SFML-2.0-sources/SFML-2.0/src/SFML/System/Thread.cpp">
			<Option target="sfml-system"/>
		</Unit>
		<Unit filename="D:/Downloads/SFML-2.0-sources/SFML-2.0/src/SFML/System/ThreadLocal.cpp">
			<Option target="sfml-system"/>
		</Unit>
		<Unit filename="D:/Downloads/SFML-2.0-sources/SFML-2.0/src/SFML/System/Time.cpp">
			<Option target="sfml-system"/>
		</Unit>
		<Unit filename="D:/Downloads/SFML-2.0-sources/SFML-2.0/src/SFML/System/Win32/ClockImpl.cpp">
			<Option target="sfml-system"/>
		</Unit>
		<Unit filename="D:/Downloads/SFML-2.0-sources/SFML-2.0/src/SFML/System/Win32/ClockImpl.hpp">
			<Option target="sfml-system"/>
		</Unit>
		<Unit filename="D:/Downloads/SFML-2.0-sources/SFML-2.0/src/SFML/System/Win32/MutexImpl.cpp">
			<Option target="sfml-system"/>
		</Unit>
		<Unit filename="D:/Downloads/SFML-2.0-sources/SFML-2.0/src/SFML/System/Win32/MutexImpl.hpp">
			<Option target="sfml-system"/>
		</Unit>
		<Unit filename="D:/Downloads/SFML-2.0-sources/SFML-2.0/src/SFML/System/Win32/SleepImpl.cpp">
			<Option target="sfml-system"/>
		</Unit>
		<Unit filename="D:/Downloads/SFML-2.0-sources/SFML-2.0/src/SFML/System/Win32/SleepImpl.hpp">
			<Option target="sfml-system"/>
		</Unit>
		<Unit filename="D:/Downloads/SFML-2.0-sources/SFML-2.0/src/SFML/System/Win32/ThreadImpl.cpp">
			<Option target="sfml-system"/>
		</Unit>
		<Unit filename="D:/Downloads/SFML-2.0-sources/SFML-2.0/src/SFML/System/Win32/ThreadImpl.hpp">
			<Option target="sfml-system"/>
		</Unit>
		<Unit filename="D:/Downloads/SFML-2.0-sources/SFML-2.0/src/SFML/System/Win32/ThreadLocalImpl.cpp">
			<Option target="sfml-system"/>
		</Unit>
		<Unit filename="D:/Downloads/SFML-2.0-sources/SFML-2.0/src/SFML/System/Win32/ThreadLocalImpl.hpp">
			<Option target="sfml-system"/>
		</Unit>
		<Unit filename="D:/Downloads/SFML-2.0-sources/SFML-2.0/src/SFML/Window/Context.cpp">
			<Option target="sfml-window"/>
		</Unit>
		<Unit filename="D:/Downloads/SFML-2.0-sources/SFML-2.0/src/SFML/Window/GlContext.cpp">
			<Option target="sfml-window"/>
		</Unit>
		<Unit filename="D:/Downloads/SFML-2.0-sources/SFML-2.0/src/SFML/Window/GlContext.hpp">
			<Option target="sfml-window"/>
		</Unit>
		<Unit filename="D:/Downloads/SFML-2.0-sources/SFML-2.0/src/SFML/Window/GlResource.cpp">
			<Option target="sfml-window"/>
		</Unit>
		<Unit filename="D:/Downloads/SFML-2.0-sources/SFML-2.0/src/SFML/Window/InputImpl.hpp">
			<Option target="sfml-window"/>
		</Unit>
		<Unit filename="D:/Downloads/SFML-2.0-sources/SFML-2.0/src/SFML/Window/Joystick.cpp">
			<Option target="sfml-window"/>
		</Unit>
		<Unit filename="D:/Downloads/SFML-2.0-sources/SFML-2.0/src/SFML/Window/JoystickImpl.hpp">
			<Option target="sfml-window"/>
		</Unit>
		<Unit filename="D:/Downloads/SFML-2.0-sources/SFML-2.0/src/SFML/Window/JoystickManager.cpp">
			<Option target="sfml-window"/>
		</Unit>
		<Unit filename="D:/Downloads/SFML-2.0-sources/SFML-2.0/src/SFML/Window/JoystickManager.hpp">
			<Option target="sfml-window"/>
		</Unit>
		<Unit filename="D:/Downloads/SFML-2.0-sources/SFML-2.0/src/SFML/Window/Keyboard.cpp">
			<Option target="sfml-window"/>
		</Unit>
		<Unit filename="D:/Downloads/SFML-2.0-sources/SFML-2.0/src/SFML/Window/Mouse.cpp">
			<Option target="sfml-window"/>
		</Unit>
		<Unit filename="D:/Downloads/SFML-2.0-sources/SFML-2.0/src/SFML/Window/VideoMode.cpp">
			<Option target="sfml-window"/>
		</Unit>
		<Unit filename="D:/Downloads/SFML-2.0-sources/SFML-2.0/src/SFML/Window/VideoModeImpl.hpp">
			<Option target="sfml-window"/>
		</Unit>
		<Unit filename="D:/Downloads/SFML-2.0-sources/SFML-2.0/src/SFML/Window/Win32/InputImpl.cpp">
			<Option target="sfml-window"/>
		</Unit>
		<Unit filename="D:/Downloads/SFML-2.0-sources/SFML-2.0/src/SFML/Window/Win32/InputImpl.hpp">
			<Option target="sfml-window"/>
		</Unit>
		<Unit filename="D:/Downloads/SFML-2.0-sources/SFML-2.0/src/SFML/Window/Win32/JoystickImpl.cpp">
			<Option target="sfml-window"/>
		</Unit>
		<Unit filename="D:/Downloads/SFML-2.0-sources/SFML-2.0/src/SFML/Window/Win32/JoystickImpl.hpp">
			<Option target="sfml-window"/>
		</Unit>
		<Unit filename="D:/Downloads/SFML-2.0-sources/SFML-2.0/src/SFML/Window/Win32/VideoModeImpl.cpp">
			<Option target="sfml-window"/>
		</Unit>
		<Unit filename="D:/Downloads/SFML-2.0-sources/SFML-2.0/src/SFML/Window/Win32/WglContext.cpp">
			<Option target="sfml-window"/>
		</Unit>
		<Unit filename="D:/Downloads/SFML-2.0-sources/SFML-2.0/src/SFML/Window/Win32/WglContext.hpp">
			<Option target="sfml-window"/>
		</Unit>
		<Unit filename="D:/Downloads/SFML-2.0-sources/SFML-2.0/src/SFML/Window/Win32/WindowImplWin32.cpp">
			<Option target="sfml-window"/>
		</Unit>
		<Unit filename="D:/Downloads/SFML-2.0-sources/SFML-2.0/src/SFML/Window/Win32/WindowImplWin32.hpp">
			<Option target="sfml-window"/>
		</Unit>
		<Unit filename="D:/Downloads/SFML-2.0-sources/SFML-2.0/src/SFML/Window/Window.cpp">
			<Option target="sfml-window"/>
		</Unit>
		<Unit filename="D:/Downloads/SFML-2.0-sources/SFML-2.0/src/SFML/Window/WindowImpl.cpp">
			<Option target="sfml-window"/>
		</Unit>
		<Unit filename="D:/Downloads/SFML-2.0-sources/SFML-2.0/src/SFML/Window/WindowImpl.hpp">
			<Option target="sfml-window"/>
		</Unit>
		<Unit filename="D:/Downloads/SFML-2.0-sources/SFML-2.0/CMakeLists.txt">
			<Option virtualFolder="CMake Files\"/>
		</Unit>
		<Unit filename="D:/Downloads/SFML-2.0-sources/SFML-2.0/cmake/Config.cmake">
			<Option virtualFolder="CMake Files\cmake\"/>
		</Unit>
		<Unit filename="D:/Downloads/SFML-2.0-sources/SFML-2.0/cmake/Macros.cmake">
			<Option virtualFolder="CMake Files\cmake\"/>
		</Unit>
		<Unit filename="D:/Downloads/SFML-2.0-sources/SFML-2.0/cmake/Modules/FindGLEW.cmake">
			<Option virtualFolder="CMake Files\cmake\Modules\"/>
		</Unit>
		<Unit filename="D:/Downloads/SFML-2.0-sources/SFML-2.0/cmake/Modules/FindSndfile.cmake">
			<Option virtualFolder="CMake Files\cmake\Modules\"/>
		</Unit>
		<Unit filename="D:/Downloads/SFML-2.0-sources/SFML-2.0/src/SFML/CMakeLists.txt">
			<Option virtualFolder="CMake Files\src\SFML\"/>
		</Unit>
		<Unit filename="D:/Downloads/SFML-2.0-sources/SFML-2.0/src/SFML/System/CMakeLists.txt">
			<Option virtualFolder="CMake Files\src\SFML\System\"/>
		</Unit>
		<Unit filename="D:/Downloads/SFML-2.0-sources/SFML-2.0/src/SFML/Window/CMakeLists.txt">
			<Option virtualFolder="CMake Files\src\SFML\Window\"/>
		</Unit>
		<Unit filename="D:/Downloads/SFML-2.0-sources/SFML-2.0/src/SFML/Network/CMakeLists.txt">
			<Option virtualFolder="CMake Files\src\SFML\Network\"/>
		</Unit>
		<Unit filename="D:/Downloads/SFML-2.0-sources/SFML-2.0/src/SFML/Graphics/CMakeLists.txt">
			<Option virtualFolder="CMake Files\src\SFML\Graphics\"/>
		</Unit>
		<Unit filename="D:/Downloads/SFML-2.0-sources/SFML-2.0/src/SFML/Audio/CMakeLists.txt">
			<Option virtualFolder="CMake Files\src\SFML\Audio\"/>
		</Unit>
		<Unit filename="D:/Downloads/SFML-2.0-sources/SFML-2.0/src/SFML/Main/CMakeLists.txt">
			<Option virtualFolder="CMake Files\src\SFML\Main\"/>
		</Unit>
	</Project>
</CodeBlocks_project_file>
